
Microsoft Visual Studio Solution File, Format Version 12.00
# Visual Studio Version 17
VisualStudioVersion = 17.3.32901.215
MinimumVisualStudioVersion = 10.0.40219.1
Project("{FAE04EC0-301F-11D3-BF4B-00C04F79EFBC}") = "MyBagelShop", "MyBagelShop\MyBagelShop.csproj", "{D2244376-1D4F-44FB-B47C-DC8652FE482E}"
EndProject
Global
	GlobalSection(SolutionConfigurationPlatforms) = preSolution
		Debug|Any CPU = Debug|Any CPU
		Release|Any CPU = Release|Any CPU
	EndGlobalSection
	GlobalSection(ProjectConfigurationPlatforms) = postSolution
		{D2244376-1D4F-44FB-B47C-DC8652FE482E}.Debug|Any CPU.ActiveCfg = Debug|Any CPU
		{D2244376-1D4F-44FB-B47C-DC8652FE482E}.Debug|Any CPU.Build.0 = Debug|Any CPU
		{D2244376-1D4F-44FB-B47C-DC8652FE482E}.Release|Any CPU.ActiveCfg = Release|Any CPU
		{D2244376-1D4F-44FB-B47C-DC8652FE482E}.Release|Any CPU.Build.0 = Release|Any CPU
	EndGlobalSection
	GlobalSection(SolutionProperties) = preSolution
		HideSolutionNode = FALSE
	EndGlobalSection
	GlobalSection(ExtensibilityGlobals) = postSolution
		SolutionGuid = {BC527940-85F4-40A9-A208-790FE090EABD}
	EndGlobalSection
EndGlobal
